
Microsoft Visual Studio Solution File, Format Version 12.00
# Visual Studio Version 17
VisualStudioVersion = 17.13.35931.197 d17.13
MinimumVisualStudioVersion = 10.0.40219.1
Project("{8BC9CEB8-8B4A-11D0-8D11-00A0C91BC942}") = "Overload_By_Type", "Overload_By_Type\Overload_By_Type.vcxproj", "{3562C7A6-3125-4015-B61D-F07973795D18}"
EndProject
Global
	GlobalSection(SolutionConfigurationPlatforms) = preSolution
		Debug|x64 = Debug|x64
		Debug|x86 = Debug|x86
		Release|x64 = Release|x64
		Release|x86 = Release|x86
	EndGlobalSection
	GlobalSection(ProjectConfigurationPlatforms) = postSolution
		{3562C7A6-3125-4015-B61D-F07973795D18}.Debug|x64.ActiveCfg = Debug|x64
		{3562C7A6-3125-4015-B61D-F07973795D18}.Debug|x64.Build.0 = Debug|x64
		{3562C7A6-3125-4015-B61D-F07973795D18}.Debug|x86.ActiveCfg = Debug|Win32
		{3562C7A6-3125-4015-B61D-F07973795D18}.Debug|x86.Build.0 = Debug|Win32
		{3562C7A6-3125-4015-B61D-F07973795D18}.Release|x64.ActiveCfg = Release|x64
		{3562C7A6-3125-4015-B61D-F07973795D18}.Release|x64.Build.0 = Release|x64
		{3562C7A6-3125-4015-B61D-F07973795D18}.Release|x86.ActiveCfg = Release|Win32
		{3562C7A6-3125-4015-B61D-F07973795D18}.Release|x86.Build.0 = Release|Win32
	EndGlobalSection
	GlobalSection(SolutionProperties) = preSolution
		HideSolutionNode = FALSE
	EndGlobalSection
	GlobalSection(ExtensibilityGlobals) = postSolution
		SolutionGuid = {BCE0AD24-DA8E-4583-99B2-CF4F8D09FB6D}
	EndGlobalSection
EndGlobal
